
Microsoft Visual Studio Solution File, Format Version 11.00
# Visual Studio 2010
Project("{FAE04EC0-301F-11D3-BF4B-00C04F79EFBC}") = "BedsideClock", "BedsideClock\BedsideClock.csproj", "{D1D30AB6-42B6-4DE5-B66B-B79004782754}"
EndProject
Global
	GlobalSection(SolutionConfigurationPlatforms) = preSolution
		Debug|iPhoneSimulator = Debug|iPhoneSimulator
		Release|iPhoneSimulator = Release|iPhoneSimulator
		Debug|iPhone = Debug|iPhone
		Release|iPhone = Release|iPhone
		Ad-Hoc|iPhone = Ad-Hoc|iPhone
		AppStore|iPhone = AppStore|iPhone
	EndGlobalSection
	GlobalSection(ProjectConfigurationPlatforms) = postSolution
		{D1D30AB6-42B6-4DE5-B66B-B79004782754}.Ad-Hoc|iPhone.ActiveCfg = Ad-Hoc|iPhone
		{D1D30AB6-42B6-4DE5-B66B-B79004782754}.Ad-Hoc|iPhone.Build.0 = Ad-Hoc|iPhone
		{D1D30AB6-42B6-4DE5-B66B-B79004782754}.AppStore|iPhone.ActiveCfg = AppStore|iPhone
		{D1D30AB6-42B6-4DE5-B66B-B79004782754}.AppStore|iPhone.Build.0 = AppStore|iPhone
		{D1D30AB6-42B6-4DE5-B66B-B79004782754}.Debug|iPhone.ActiveCfg = Debug|iPhone
		{D1D30AB6-42B6-4DE5-B66B-B79004782754}.Debug|iPhone.Build.0 = Debug|iPhone
		{D1D30AB6-42B6-4DE5-B66B-B79004782754}.Debug|iPhoneSimulator.ActiveCfg = Debug|iPhoneSimulator
		{D1D30AB6-42B6-4DE5-B66B-B79004782754}.Debug|iPhoneSimulator.Build.0 = Debug|iPhoneSimulator
		{D1D30AB6-42B6-4DE5-B66B-B79004782754}.Release|iPhone.ActiveCfg = Release|iPhone
		{D1D30AB6-42B6-4DE5-B66B-B79004782754}.Release|iPhone.Build.0 = Release|iPhone
		{D1D30AB6-42B6-4DE5-B66B-B79004782754}.Release|iPhoneSimulator.ActiveCfg = Release|iPhoneSimulator
		{D1D30AB6-42B6-4DE5-B66B-B79004782754}.Release|iPhoneSimulator.Build.0 = Release|iPhoneSimulator
	EndGlobalSection
	GlobalSection(MonoDevelopProperties) = preSolution
		StartupItem = BedsideClock\BedsideClock.csproj
	EndGlobalSection
EndGlobal
